# This file is automatically @generated by Cargo.
# It is not intended for manual editing.
[[package]]
name = "aho-corasick"
version = "0.7.15"
source = "registry+https://github.com/rust-lang/crates.io-index"
checksum = "7404febffaa47dac81aa44dba71523c9d069b1bdc50a77db41195149e17f68e5"
dependencies = [
 "memchr",
]

[[package]]
name = "anyhow"
version = "1.0.36"
source = "registry+https://github.com/rust-lang/crates.io-index"
checksum = "68803225a7b13e47191bab76f2687382b60d259e8cf37f6e1893658b84bb9479"

[[package]]
name = "bitflags"
version = "1.2.1"
source = "registry+https://github.com/rust-lang/crates.io-index"
checksum = "cf1de2fe8c75bc145a2f577add951f8134889b4795d47466a54a5c846d691693"

[[package]]
name = "cc"
version = "1.0.66"
source = "registry+https://github.com/rust-lang/crates.io-index"
checksum = "4c0496836a84f8d0495758516b8621a622beb77c0fed418570e50764093ced48"

[[package]]
name = "day-01"
version = "0.1.0"
dependencies = [
 "itertools",
]

[[package]]
name = "day-02"
version = "0.1.0"
dependencies = [
 "itertools",
 "regex",
]

[[package]]
name = "day-03"
version = "0.1.0"

[[package]]
name = "day-04"
version = "0.1.0"
dependencies = [
 "onig",
]

[[package]]
name = "day-05"
version = "0.1.0"

[[package]]
name = "day-06"
version = "0.1.0"

[[package]]
name = "day-07"
version = "0.1.0"

[[package]]
name = "day-08"
version = "0.1.0"
dependencies = [
 "fixedbitset",
]

[[package]]
name = "day-09"
version = "0.1.0"
dependencies = [
 "anyhow",
 "itertools",
]

[[package]]
name = "day-10"
version = "0.1.0"
dependencies = [
 "anyhow",
 "itertools",
]

[[package]]
name = "day-11"
version = "0.1.0"

[[package]]
name = "day-12"
version = "0.1.0"

[[package]]
name = "day-13"
version = "0.1.0"

[[package]]
name = "day-14"
version = "0.1.0"

[[package]]
name = "day-15"
version = "0.1.0"

[[package]]
name = "day-16"
version = "0.1.0"
dependencies = [
 "itertools",
]

[[package]]
name = "day-17"
version = "0.1.0"
dependencies = [
 "itertools",
]

[[package]]
name = "day-18"
version = "0.1.0"
dependencies = [
 "regex",
]

[[package]]
name = "day-19"
version = "0.1.0"
dependencies = [
 "itertools",
 "onig",
]

[[package]]
name = "day-20"
version = "0.1.0"
dependencies = [
 "itertools",
]

[[package]]
name = "day-21"
version = "0.1.0"
dependencies = [
 "itertools",
]

[[package]]
name = "day-22"
version = "0.1.0"
dependencies = [
 "itertools",
]

[[package]]
name = "day-23"
version = "0.1.0"
dependencies = [
 "itertools",
]

[[package]]
name = "day-24"
version = "0.1.0"
dependencies = [
 "derive_more",
]

[[package]]
name = "day-25"
version = "0.1.0"

[[package]]
name = "derive_more"
version = "0.99.11"
source = "registry+https://github.com/rust-lang/crates.io-index"
checksum = "41cb0e6161ad61ed084a36ba71fbba9e3ac5aee3606fb607fe08da6acbcf3d8c"
dependencies = [
 "proc-macro2",
 "quote",
 "syn",
]

[[package]]
name = "either"
version = "1.6.1"
source = "registry+https://github.com/rust-lang/crates.io-index"
checksum = "e78d4f1cc4ae33bbfc157ed5d5a5ef3bc29227303d595861deb238fcec4e9457"

[[package]]
name = "fixedbitset"
version = "0.3.1"
source = "registry+https://github.com/rust-lang/crates.io-index"
checksum = "4e08c8bc7575d7e091fe0706963bd22e2a4be6a64da995f03b2a5a57d66ad015"

[[package]]
name = "itertools"
version = "0.9.0"
source = "registry+https://github.com/rust-lang/crates.io-index"
checksum = "284f18f85651fe11e8a991b2adb42cb078325c996ed026d994719efcfca1d54b"
dependencies = [
 "either",
]

[[package]]
name = "lazy_static"
version = "1.4.0"
source = "registry+https://github.com/rust-lang/crates.io-index"
checksum = "e2abad23fbc42b3700f2f279844dc832adb2b2eb069b2df918f455c4e18cc646"

[[package]]
name = "libc"
version = "0.2.81"
source = "registry+https://github.com/rust-lang/crates.io-index"
checksum = "1482821306169ec4d07f6aca392a4681f66c75c9918aa49641a2595db64053cb"

[[package]]
name = "memchr"
version = "2.3.4"
source = "registry+https://github.com/rust-lang/crates.io-index"
checksum = "0ee1c47aaa256ecabcaea351eae4a9b01ef39ed810004e298d2511ed284b1525"

[[package]]
name = "onig"
version = "6.1.1"
source = "registry+https://github.com/rust-lang/crates.io-index"
checksum = "30b46fd9edbc018f0be4e366c24c46db44fac49cd01c039ae85308088b089dd5"
dependencies = [
 "bitflags",
 "lazy_static",
 "libc",
 "onig_sys",
]

[[package]]
name = "onig_sys"
version = "69.6.0"
source = "registry+https://github.com/rust-lang/crates.io-index"
checksum = "ed063c96cf4c0f2e5d09324409d158b38a0a85a7b90fbd68c8cad75c495d5775"
dependencies = [
 "cc",
 "pkg-config",
]

[[package]]
name = "pkg-config"
version = "0.3.19"
source = "registry+https://github.com/rust-lang/crates.io-index"
checksum = "3831453b3449ceb48b6d9c7ad7c96d5ea673e9b470a1dc578c2ce6521230884c"

[[package]]
name = "proc-macro2"
version = "1.0.24"
source = "registry+https://github.com/rust-lang/crates.io-index"
checksum = "1e0704ee1a7e00d7bb417d0770ea303c1bccbabf0ef1667dae92b5967f5f8a71"
dependencies = [
 "unicode-xid",
]

[[package]]
name = "quote"
version = "1.0.8"
source = "registry+https://github.com/rust-lang/crates.io-index"
checksum = "991431c3519a3f36861882da93630ce66b52918dcf1b8e2fd66b397fc96f28df"
dependencies = [
 "proc-macro2",
]

[[package]]
name = "regex"
version = "1.4.2"
source = "registry+https://github.com/rust-lang/crates.io-index"
checksum = "38cf2c13ed4745de91a5eb834e11c00bcc3709e773173b2ce4c56c9fbde04b9c"
dependencies = [
 "aho-corasick",
 "memchr",
 "regex-syntax",
 "thread_local",
]

[[package]]
name = "regex-syntax"
version = "0.6.21"
source = "registry+https://github.com/rust-lang/crates.io-index"
checksum = "3b181ba2dcf07aaccad5448e8ead58db5b742cf85dfe035e2227f137a539a189"

[[package]]
name = "syn"
version = "1.0.55"
source = "registry+https://github.com/rust-lang/crates.io-index"
checksum = "a571a711dddd09019ccc628e1b17fe87c59b09d513c06c026877aa708334f37a"
dependencies = [
 "proc-macro2",
 "quote",
 "unicode-xid",
]

[[package]]
name = "thread_local"
version = "1.0.1"
source = "registry+https://github.com/rust-lang/crates.io-index"
checksum = "d40c6d1b69745a6ec6fb1ca717914848da4b44ae29d9b3080cbee91d72a69b14"
dependencies = [
 "lazy_static",
]

[[package]]
name = "unicode-xid"
version = "0.2.1"
source = "registry+https://github.com/rust-lang/crates.io-index"
checksum = "f7fe0bb3479651439c9112f72b6c505038574c9fbb575ed1bf3b797fa39dd564"
